
Microsoft Visual Studio Solution File, Format Version 12.00
# Visual Studio 14
VisualStudioVersion = 14.0.25420.1
MinimumVisualStudioVersion = 10.0.40219.1
Project("{FAE04EC0-301F-11D3-BF4B-00C04F79EFBC}") = "Home Finance 0.2", "Home Finance 0.2.csproj", "{A378E463-8445-4F79-88B0-C2B31D938162}"
EndProject
Project("{FAE04EC0-301F-11D3-BF4B-00C04F79EFBC}") = "HF_Console", "..\HF_Console\HF_Console.csproj", "{2EBE9BF6-3482-461F-8EEB-3757DD824451}"
EndProject
Global
	GlobalSection(SolutionConfigurationPlatforms) = preSolution
		Debug|Any CPU = Debug|Any CPU
		Release|Any CPU = Release|Any CPU
	EndGlobalSection
	GlobalSection(ProjectConfigurationPlatforms) = postSolution
		{A378E463-8445-4F79-88B0-C2B31D938162}.Debug|Any CPU.ActiveCfg = Debug|Any CPU
		{A378E463-8445-4F79-88B0-C2B31D938162}.Debug|Any CPU.Build.0 = Debug|Any CPU
		{A378E463-8445-4F79-88B0-C2B31D938162}.Release|Any CPU.ActiveCfg = Release|Any CPU
		{A378E463-8445-4F79-88B0-C2B31D938162}.Release|Any CPU.Build.0 = Release|Any CPU
		{2EBE9BF6-3482-461F-8EEB-3757DD824451}.Debug|Any CPU.ActiveCfg = Debug|Any CPU
		{2EBE9BF6-3482-461F-8EEB-3757DD824451}.Debug|Any CPU.Build.0 = Debug|Any CPU
		{2EBE9BF6-3482-461F-8EEB-3757DD824451}.Release|Any CPU.ActiveCfg = Release|Any CPU
		{2EBE9BF6-3482-461F-8EEB-3757DD824451}.Release|Any CPU.Build.0 = Release|Any CPU
	EndGlobalSection
	GlobalSection(SolutionProperties) = preSolution
		HideSolutionNode = FALSE
	EndGlobalSection
EndGlobal
